
Microsoft Visual Studio Solution File, Format Version 12.00
# Visual Studio Version 17
VisualStudioVersion = 17.3.32819.101
MinimumVisualStudioVersion = 10.0.40219.1
Project("{8BC9CEB8-8B4A-11D0-8D11-00A0C91BC942}") = "栈的链表实现", "栈的链表实现.vcxproj", "{B5918840-1CCE-40EE-B40D-5B6278210AAE}"
EndProject
Global
	GlobalSection(SolutionConfigurationPlatforms) = preSolution
		Debug|x64 = Debug|x64
		Debug|x86 = Debug|x86
		Release|x64 = Release|x64
		Release|x86 = Release|x86
	EndGlobalSection
	GlobalSection(ProjectConfigurationPlatforms) = postSolution
		{B5918840-1CCE-40EE-B40D-5B6278210AAE}.Debug|x64.ActiveCfg = Debug|x64
		{B5918840-1CCE-40EE-B40D-5B6278210AAE}.Debug|x64.Build.0 = Debug|x64
		{B5918840-1CCE-40EE-B40D-5B6278210AAE}.Debug|x86.ActiveCfg = Debug|Win32
		{B5918840-1CCE-40EE-B40D-5B6278210AAE}.Debug|x86.Build.0 = Debug|Win32
		{B5918840-1CCE-40EE-B40D-5B6278210AAE}.Release|x64.ActiveCfg = Release|x64
		{B5918840-1CCE-40EE-B40D-5B6278210AAE}.Release|x64.Build.0 = Release|x64
		{B5918840-1CCE-40EE-B40D-5B6278210AAE}.Release|x86.ActiveCfg = Release|Win32
		{B5918840-1CCE-40EE-B40D-5B6278210AAE}.Release|x86.Build.0 = Release|Win32
	EndGlobalSection
	GlobalSection(SolutionProperties) = preSolution
		HideSolutionNode = FALSE
	EndGlobalSection
	GlobalSection(ExtensibilityGlobals) = postSolution
		SolutionGuid = {A6C207B5-6A6A-41D9-8C2A-0BA1EA6ED23A}
	EndGlobalSection
EndGlobal
